
Microsoft Visual Studio Solution File, Format Version 12.00
# Visual Studio Version 17
VisualStudioVersion = 17.1.32328.378
MinimumVisualStudioVersion = 10.0.40219.1
Project("{9A19103F-16F7-4668-BE54-9A1E7A4F7556}") = "BeautySalonViewClient", "BeautySalonViewClient\BeautySalonViewClient.csproj", "{34806984-D419-49F0-A7DE-4A3F1FB30893}"
EndProject
Project("{9A19103F-16F7-4668-BE54-9A1E7A4F7556}") = "BeautySalonBusinessLogic", "BeautySalonBusinessLogic\BeautySalonBusinessLogic.csproj", "{DF288075-9E10-490A-8350-CDACC7E16C05}"
EndProject
Project("{9A19103F-16F7-4668-BE54-9A1E7A4F7556}") = "BeautySalonContracts", "BeautySalonContracts\BeautySalonContracts.csproj", "{A336AACF-F956-4E0E-AC3A-4BB4FBB3D91C}"
EndProject
Project("{9A19103F-16F7-4668-BE54-9A1E7A4F7556}") = "BeautySalonDatabaseImplement", "BeautySalonDatabaseImplement\BeautySalonDatabaseImplement.csproj", "{35F051AF-6597-49BA-B076-B6A6FDA9CBDF}"
EndProject
Project("{9A19103F-16F7-4668-BE54-9A1E7A4F7556}") = "BeautySalonViewEmployee", "BeautySalonViewEmployee\BeautySalonViewEmployee.csproj", "{10CB37F7-DF34-4899-9282-B47BC1B40E87}"
EndProject
Project("{9A19103F-16F7-4668-BE54-9A1E7A4F7556}") = "BeautySalonRestApi", "BeautySalonRestApi\BeautySalonRestApi.csproj", "{2EEC0E5C-B1C5-4E5E-B1E2-A9792B1B36E2}"
EndProject
Project("{FAE04EC0-301F-11D3-BF4B-00C04F79EFBC}") = "BeautySalonClientApp", "BeautySalonClientApp\BeautySalonClientApp.csproj", "{5724F8C5-EE00-45E8-B938-B8ADAB4A3A31}"
EndProject
Global
	GlobalSection(SolutionConfigurationPlatforms) = preSolution
		Debug|Any CPU = Debug|Any CPU
		Release|Any CPU = Release|Any CPU
	EndGlobalSection
	GlobalSection(ProjectConfigurationPlatforms) = postSolution
		{34806984-D419-49F0-A7DE-4A3F1FB30893}.Debug|Any CPU.ActiveCfg = Debug|Any CPU
		{34806984-D419-49F0-A7DE-4A3F1FB30893}.Debug|Any CPU.Build.0 = Debug|Any CPU
		{34806984-D419-49F0-A7DE-4A3F1FB30893}.Release|Any CPU.ActiveCfg = Release|Any CPU
		{34806984-D419-49F0-A7DE-4A3F1FB30893}.Release|Any CPU.Build.0 = Release|Any CPU
		{DF288075-9E10-490A-8350-CDACC7E16C05}.Debug|Any CPU.ActiveCfg = Debug|Any CPU
		{DF288075-9E10-490A-8350-CDACC7E16C05}.Debug|Any CPU.Build.0 = Debug|Any CPU
		{DF288075-9E10-490A-8350-CDACC7E16C05}.Release|Any CPU.ActiveCfg = Release|Any CPU
		{DF288075-9E10-490A-8350-CDACC7E16C05}.Release|Any CPU.Build.0 = Release|Any CPU
		{A336AACF-F956-4E0E-AC3A-4BB4FBB3D91C}.Debug|Any CPU.ActiveCfg = Debug|Any CPU
		{A336AACF-F956-4E0E-AC3A-4BB4FBB3D91C}.Debug|Any CPU.Build.0 = Debug|Any CPU
		{A336AACF-F956-4E0E-AC3A-4BB4FBB3D91C}.Release|Any CPU.ActiveCfg = Release|Any CPU
		{A336AACF-F956-4E0E-AC3A-4BB4FBB3D91C}.Release|Any CPU.Build.0 = Release|Any CPU
		{35F051AF-6597-49BA-B076-B6A6FDA9CBDF}.Debug|Any CPU.ActiveCfg = Debug|Any CPU
		{35F051AF-6597-49BA-B076-B6A6FDA9CBDF}.Debug|Any CPU.Build.0 = Debug|Any CPU
		{35F051AF-6597-49BA-B076-B6A6FDA9CBDF}.Release|Any CPU.ActiveCfg = Release|Any CPU
		{35F051AF-6597-49BA-B076-B6A6FDA9CBDF}.Release|Any CPU.Build.0 = Release|Any CPU
		{10CB37F7-DF34-4899-9282-B47BC1B40E87}.Debug|Any CPU.ActiveCfg = Debug|Any CPU
		{10CB37F7-DF34-4899-9282-B47BC1B40E87}.Debug|Any CPU.Build.0 = Debug|Any CPU
		{10CB37F7-DF34-4899-9282-B47BC1B40E87}.Release|Any CPU.ActiveCfg = Release|Any CPU
		{10CB37F7-DF34-4899-9282-B47BC1B40E87}.Release|Any CPU.Build.0 = Release|Any CPU
		{2EEC0E5C-B1C5-4E5E-B1E2-A9792B1B36E2}.Debug|Any CPU.ActiveCfg = Debug|Any CPU
		{2EEC0E5C-B1C5-4E5E-B1E2-A9792B1B36E2}.Debug|Any CPU.Build.0 = Debug|Any CPU
		{2EEC0E5C-B1C5-4E5E-B1E2-A9792B1B36E2}.Release|Any CPU.ActiveCfg = Release|Any CPU
		{2EEC0E5C-B1C5-4E5E-B1E2-A9792B1B36E2}.Release|Any CPU.Build.0 = Release|Any CPU
		{5724F8C5-EE00-45E8-B938-B8ADAB4A3A31}.Debug|Any CPU.ActiveCfg = Debug|Any CPU
		{5724F8C5-EE00-45E8-B938-B8ADAB4A3A31}.Debug|Any CPU.Build.0 = Debug|Any CPU
		{5724F8C5-EE00-45E8-B938-B8ADAB4A3A31}.Release|Any CPU.ActiveCfg = Release|Any CPU
		{5724F8C5-EE00-45E8-B938-B8ADAB4A3A31}.Release|Any CPU.Build.0 = Release|Any CPU
	EndGlobalSection
	GlobalSection(SolutionProperties) = preSolution
		HideSolutionNode = FALSE
	EndGlobalSection
	GlobalSection(ExtensibilityGlobals) = postSolution
		SolutionGuid = {5CF2D911-E223-4C13-9D6F-6CDD28312591}
	EndGlobalSection
EndGlobal
